
Microsoft Visual Studio Solution File, Format Version 12.00
# Visual Studio 15
Project("{FAE04EC0-301F-11D3-BF4B-00C04F79EFBC}") = "Assembly-CSharp-firstpass", "Assembly-CSharp-firstpass.csproj", "{32B11D88-618F-5478-FB09-4AB5E4A8596C}"
EndProject
Project("{FAE04EC0-301F-11D3-BF4B-00C04F79EFBC}") = "Assembly-CSharp", "Assembly-CSharp.csproj", "{AA5FB57A-A3E3-4016-69F2-E2BF1B66BB71}"
EndProject
Project("{FAE04EC0-301F-11D3-BF4B-00C04F79EFBC}") = "Assembly-CSharp-Editor-firstpass", "Assembly-CSharp-Editor-firstpass.csproj", "{718539DC-51C0-D19A-107B-C36AF00DFCAB}"
EndProject
Global
	GlobalSection(SolutionConfigurationPlatforms) = preSolution
		Debug|Any CPU = Debug|Any CPU
		Release|Any CPU = Release|Any CPU
	EndGlobalSection
	GlobalSection(ProjectConfigurationPlatforms) = postSolution
		{32B11D88-618F-5478-FB09-4AB5E4A8596C}.Debug|Any CPU.ActiveCfg = Debug|Any CPU
		{32B11D88-618F-5478-FB09-4AB5E4A8596C}.Debug|Any CPU.Build.0 = Debug|Any CPU
		{32B11D88-618F-5478-FB09-4AB5E4A8596C}.Release|Any CPU.ActiveCfg = Release|Any CPU
		{32B11D88-618F-5478-FB09-4AB5E4A8596C}.Release|Any CPU.Build.0 = Release|Any CPU
		{AA5FB57A-A3E3-4016-69F2-E2BF1B66BB71}.Debug|Any CPU.ActiveCfg = Debug|Any CPU
		{AA5FB57A-A3E3-4016-69F2-E2BF1B66BB71}.Debug|Any CPU.Build.0 = Debug|Any CPU
		{AA5FB57A-A3E3-4016-69F2-E2BF1B66BB71}.Release|Any CPU.ActiveCfg = Release|Any CPU
		{AA5FB57A-A3E3-4016-69F2-E2BF1B66BB71}.Release|Any CPU.Build.0 = Release|Any CPU
		{718539DC-51C0-D19A-107B-C36AF00DFCAB}.Debug|Any CPU.ActiveCfg = Debug|Any CPU
		{718539DC-51C0-D19A-107B-C36AF00DFCAB}.Debug|Any CPU.Build.0 = Debug|Any CPU
		{718539DC-51C0-D19A-107B-C36AF00DFCAB}.Release|Any CPU.ActiveCfg = Release|Any CPU
		{718539DC-51C0-D19A-107B-C36AF00DFCAB}.Release|Any CPU.Build.0 = Release|Any CPU
	EndGlobalSection
	GlobalSection(SolutionProperties) = preSolution
		HideSolutionNode = FALSE
	EndGlobalSection
EndGlobal
